
Microsoft Visual Studio Solution File, Format Version 12.00
# Visual Studio Version 17
VisualStudioVersion = 17.6.33801.468
MinimumVisualStudioVersion = 10.0.40219.1
Project("{9A19103F-16F7-4668-BE54-9A1E7A4F7556}") = "Capture", "Capture\Capture.csproj", "{B61E5DAA-8AFF-465D-B915-81E55D6E8985}"
EndProject
Project("{9A19103F-16F7-4668-BE54-9A1E7A4F7556}") = "Monitoring", "Monitoring\Monitoring.csproj", "{811D6D60-B8BB-4B1E-AFBF-3B1E0E00EEB3}"
EndProject
Project("{FAE04EC0-301F-11D3-BF4B-00C04F79EFBC}") = "Shared", "Shared\Shared.csproj", "{ECA5FCF4-36E4-4FA3-B455-881922362E7D}"
EndProject
Global
	GlobalSection(SolutionConfigurationPlatforms) = preSolution
		Debug|Any CPU = Debug|Any CPU
		Release|Any CPU = Release|Any CPU
	EndGlobalSection
	GlobalSection(ProjectConfigurationPlatforms) = postSolution
		{B61E5DAA-8AFF-465D-B915-81E55D6E8985}.Debug|Any CPU.ActiveCfg = Debug|Any CPU
		{B61E5DAA-8AFF-465D-B915-81E55D6E8985}.Debug|Any CPU.Build.0 = Debug|Any CPU
		{B61E5DAA-8AFF-465D-B915-81E55D6E8985}.Release|Any CPU.ActiveCfg = Release|Any CPU
		{B61E5DAA-8AFF-465D-B915-81E55D6E8985}.Release|Any CPU.Build.0 = Release|Any CPU
		{811D6D60-B8BB-4B1E-AFBF-3B1E0E00EEB3}.Debug|Any CPU.ActiveCfg = Debug|Any CPU
		{811D6D60-B8BB-4B1E-AFBF-3B1E0E00EEB3}.Debug|Any CPU.Build.0 = Debug|Any CPU
		{811D6D60-B8BB-4B1E-AFBF-3B1E0E00EEB3}.Release|Any CPU.ActiveCfg = Release|Any CPU
		{811D6D60-B8BB-4B1E-AFBF-3B1E0E00EEB3}.Release|Any CPU.Build.0 = Release|Any CPU
		{ECA5FCF4-36E4-4FA3-B455-881922362E7D}.Debug|Any CPU.ActiveCfg = Debug|Any CPU
		{ECA5FCF4-36E4-4FA3-B455-881922362E7D}.Debug|Any CPU.Build.0 = Debug|Any CPU
		{ECA5FCF4-36E4-4FA3-B455-881922362E7D}.Release|Any CPU.ActiveCfg = Release|Any CPU
		{ECA5FCF4-36E4-4FA3-B455-881922362E7D}.Release|Any CPU.Build.0 = Release|Any CPU
	EndGlobalSection
	GlobalSection(SolutionProperties) = preSolution
		HideSolutionNode = FALSE
	EndGlobalSection
	GlobalSection(ExtensibilityGlobals) = postSolution
		SolutionGuid = {BF875FCA-614C-4E85-9FB9-8251F9F40067}
	EndGlobalSection
EndGlobal
